{
  "requires": true,
  "lockfileVersion": 1,
  "dependencies": {
    "crypto-js": {
      "version": "4.2.0",
      "resolved": "https://registry.npmjs.org/crypto-js/-/crypto-js-4.2.0.tgz",
      "integrity": "sha512-KALDyEYgpY+Rlob/iriUtjV6d5Eq+Y191A5g4UqLAi8CyGP9N1+FdVbkc1SxKc2r4YAYqG8JzO2KGL+AizD70Q=="
    },
    "umtrack-wx": {
      "version": "2.8.0",
      "resolved": "https://registry.npmjs.org/umtrack-wx/-/umtrack-wx-2.8.0.tgz",
      "integrity": "sha512-F5ul+Q7bDJ6MDrn9ysPAyB9nyP1vCxLGUBkSJ4uvknt8rjmX4tqy1IUnJuWKj9ZH2BtkjRFpldQXJSlLDOYfhQ=="
    },
    "uview-ui": {
      "version": "2.0.36",
      "resolved": "https://registry.npmjs.org/uview-ui/-/uview-ui-2.0.36.tgz",
      "integrity": "sha512-ASSZT6M8w3GTO1eFPbsgEFV0U5UujK+8pTNr+MSUbRNcRMC1u63DDTLJVeArV91kWM0bfAexK3SK9pnTqF9TtA=="
    },
    "wxmp-rsa": {
      "version": "2.1.0",
      "resolved": "https://registry.npmjs.org/wxmp-rsa/-/wxmp-rsa-2.1.0.tgz",
      "integrity": "sha512-VbWMJ+vf8t7G93sjkqjCn5yGy/Si3M8uD6OFebqjJWJ1R0WCyle7X6SNia7WWG6Qe1F2/OWxhbcSGA6ebUBwIA=="
    }
  }
}
